
Microsoft Visual Studio Solution File, Format Version 12.00
# Visual Studio 15
VisualStudioVersion = 15.0.28307.271
MinimumVisualStudioVersion = 10.0.40219.1
Project("{F184B08F-C81C-45F6-A57F-5ABD9991F28F}") = "resistor", "resistor\resistor.vbproj", "{88CDBA0D-6B66-4455-915A-5BAE0864BE1D}"
EndProject
Global
	GlobalSection(SolutionConfigurationPlatforms) = preSolution
		Debug|Any CPU = Debug|Any CPU
		Release|Any CPU = Release|Any CPU
	EndGlobalSection
	GlobalSection(ProjectConfigurationPlatforms) = postSolution
		{88CDBA0D-6B66-4455-915A-5BAE0864BE1D}.Debug|Any CPU.ActiveCfg = Debug|Any CPU
		{88CDBA0D-6B66-4455-915A-5BAE0864BE1D}.Debug|Any CPU.Build.0 = Debug|Any CPU
		{88CDBA0D-6B66-4455-915A-5BAE0864BE1D}.Release|Any CPU.ActiveCfg = Release|Any CPU
		{88CDBA0D-6B66-4455-915A-5BAE0864BE1D}.Release|Any CPU.Build.0 = Release|Any CPU
	EndGlobalSection
	GlobalSection(SolutionProperties) = preSolution
		HideSolutionNode = FALSE
	EndGlobalSection
	GlobalSection(ExtensibilityGlobals) = postSolution
		SolutionGuid = {75265E52-8BAB-458F-9872-696BFAC37E24}
	EndGlobalSection
EndGlobal
